
Microsoft Visual Studio Solution File, Format Version 12.00
# Visual Studio Version 17
VisualStudioVersion = 17.13.36105.23
MinimumVisualStudioVersion = 10.0.40219.1
Project("{2150E333-8FDC-42A3-9474-1A3956D46DE8}") = "Domain", "Domain", "{02EA681E-C7D8-13C7-8484-4AC65E1B71E8}"
EndProject
Project("{2150E333-8FDC-42A3-9474-1A3956D46DE8}") = "Application", "Application", "{54537CD0-2D40-4A9B-9FFB-D752353BF4A5}"
EndProject
Project("{2150E333-8FDC-42A3-9474-1A3956D46DE8}") = "Persistence", "Persistence", "{DF9FE63A-7AB7-4DC0-ADE3-C67EE3D8EC98}"
EndProject
Project("{2150E333-8FDC-42A3-9474-1A3956D46DE8}") = "Infrastructure", "Infrastructure", "{BE1AC7E7-B2B8-4D4C-B94C-6954D1DFF395}"
EndProject
Project("{2150E333-8FDC-42A3-9474-1A3956D46DE8}") = "Presentation", "Presentation", "{3731049B-D3DD-4D3F-B17B-1E596B293555}"
EndProject
Project("{FAE04EC0-301F-11D3-BF4B-00C04F79EFBC}") = "Core", "Application\Core\Core.csproj", "{18FE7F78-F40F-043C-B8FA-A1CA3EFFA670}"
EndProject
Project("{FAE04EC0-301F-11D3-BF4B-00C04F79EFBC}") = "Messaging", "Application\Messaging\Messaging.csproj", "{01F024CB-4D33-4C94-8368-2E530A6DF2EF}"
EndProject
Project("{FAE04EC0-301F-11D3-BF4B-00C04F79EFBC}") = "Abstractions", "Domain\Abstractions\Abstractions.csproj", "{078D5967-49EC-038F-EED8-20F70ED13F18}"
EndProject
Project("{FAE04EC0-301F-11D3-BF4B-00C04F79EFBC}") = "Entities", "Domain\Entities\Entities.csproj", "{677AB5A0-F5A6-37BD-256B-DAAB42905662}"
EndProject
Project("{FAE04EC0-301F-11D3-BF4B-00C04F79EFBC}") = "Stripe", "Infrastructure\Payments\Stripe\Stripe.csproj", "{566E30D4-2F5D-C60B-B240-F34AD1141DD4}"
EndProject
Project("{FAE04EC0-301F-11D3-BF4B-00C04F79EFBC}") = "MailerSend", "Infrastructure\Messaging\MailerSend\MailerSend.csproj", "{9DC6B5F1-35C3-83EB-6D96-0F6BA208CDB3}"
EndProject
Project("{FAE04EC0-301F-11D3-BF4B-00C04F79EFBC}") = "PayPal", "Infrastructure\Payments\PayPal\PayPal.csproj", "{C38C1A22-408C-3CDE-DBA0-A269FF6C9DC2}"
EndProject
Project("{FAE04EC0-301F-11D3-BF4B-00C04F79EFBC}") = "Web", "Presentation\Web\Web.csproj", "{F0364BDE-AE20-47B8-97E4-6D3778F86063}"
EndProject
Project("{FAE04EC0-301F-11D3-BF4B-00C04F79EFBC}") = "Data", "Persistence\Data\Data.csproj", "{53F64B5E-3602-3A02-3BED-6605B3B683EE}"
EndProject
Project("{2150E333-8FDC-42A3-9474-1A3956D46DE8}") = "Messaging", "Messaging", "{44BBAB59-5A9B-4D9D-A580-53CF55C1DE98}"
EndProject
Project("{2150E333-8FDC-42A3-9474-1A3956D46DE8}") = "Payments", "Payments", "{46F80D8D-80C1-43F2-BA1E-A12D12FAC723}"
EndProject
Global
	GlobalSection(SolutionConfigurationPlatforms) = preSolution
		Debug|Any CPU = Debug|Any CPU
		Release|Any CPU = Release|Any CPU
	EndGlobalSection
	GlobalSection(ProjectConfigurationPlatforms) = postSolution
		{18FE7F78-F40F-043C-B8FA-A1CA3EFFA670}.Debug|Any CPU.ActiveCfg = Debug|Any CPU
		{18FE7F78-F40F-043C-B8FA-A1CA3EFFA670}.Debug|Any CPU.Build.0 = Debug|Any CPU
		{18FE7F78-F40F-043C-B8FA-A1CA3EFFA670}.Release|Any CPU.ActiveCfg = Release|Any CPU
		{18FE7F78-F40F-043C-B8FA-A1CA3EFFA670}.Release|Any CPU.Build.0 = Release|Any CPU
		{01F024CB-4D33-4C94-8368-2E530A6DF2EF}.Debug|Any CPU.ActiveCfg = Debug|Any CPU
		{01F024CB-4D33-4C94-8368-2E530A6DF2EF}.Debug|Any CPU.Build.0 = Debug|Any CPU
		{01F024CB-4D33-4C94-8368-2E530A6DF2EF}.Release|Any CPU.ActiveCfg = Release|Any CPU
		{01F024CB-4D33-4C94-8368-2E530A6DF2EF}.Release|Any CPU.Build.0 = Release|Any CPU
		{078D5967-49EC-038F-EED8-20F70ED13F18}.Debug|Any CPU.ActiveCfg = Debug|Any CPU
		{078D5967-49EC-038F-EED8-20F70ED13F18}.Debug|Any CPU.Build.0 = Debug|Any CPU
		{078D5967-49EC-038F-EED8-20F70ED13F18}.Release|Any CPU.ActiveCfg = Release|Any CPU
		{078D5967-49EC-038F-EED8-20F70ED13F18}.Release|Any CPU.Build.0 = Release|Any CPU
		{677AB5A0-F5A6-37BD-256B-DAAB42905662}.Debug|Any CPU.ActiveCfg = Debug|Any CPU
		{677AB5A0-F5A6-37BD-256B-DAAB42905662}.Debug|Any CPU.Build.0 = Debug|Any CPU
		{677AB5A0-F5A6-37BD-256B-DAAB42905662}.Release|Any CPU.ActiveCfg = Release|Any CPU
		{677AB5A0-F5A6-37BD-256B-DAAB42905662}.Release|Any CPU.Build.0 = Release|Any CPU
		{566E30D4-2F5D-C60B-B240-F34AD1141DD4}.Debug|Any CPU.ActiveCfg = Debug|Any CPU
		{566E30D4-2F5D-C60B-B240-F34AD1141DD4}.Debug|Any CPU.Build.0 = Debug|Any CPU
		{566E30D4-2F5D-C60B-B240-F34AD1141DD4}.Release|Any CPU.ActiveCfg = Release|Any CPU
		{566E30D4-2F5D-C60B-B240-F34AD1141DD4}.Release|Any CPU.Build.0 = Release|Any CPU
		{9DC6B5F1-35C3-83EB-6D96-0F6BA208CDB3}.Debug|Any CPU.ActiveCfg = Debug|Any CPU
		{9DC6B5F1-35C3-83EB-6D96-0F6BA208CDB3}.Debug|Any CPU.Build.0 = Debug|Any CPU
		{9DC6B5F1-35C3-83EB-6D96-0F6BA208CDB3}.Release|Any CPU.ActiveCfg = Release|Any CPU
		{9DC6B5F1-35C3-83EB-6D96-0F6BA208CDB3}.Release|Any CPU.Build.0 = Release|Any CPU
		{C38C1A22-408C-3CDE-DBA0-A269FF6C9DC2}.Debug|Any CPU.ActiveCfg = Debug|Any CPU
		{C38C1A22-408C-3CDE-DBA0-A269FF6C9DC2}.Debug|Any CPU.Build.0 = Debug|Any CPU
		{C38C1A22-408C-3CDE-DBA0-A269FF6C9DC2}.Release|Any CPU.ActiveCfg = Release|Any CPU
		{C38C1A22-408C-3CDE-DBA0-A269FF6C9DC2}.Release|Any CPU.Build.0 = Release|Any CPU
		{F0364BDE-AE20-47B8-97E4-6D3778F86063}.Debug|Any CPU.ActiveCfg = Debug|Any CPU
		{F0364BDE-AE20-47B8-97E4-6D3778F86063}.Debug|Any CPU.Build.0 = Debug|Any CPU
		{F0364BDE-AE20-47B8-97E4-6D3778F86063}.Release|Any CPU.ActiveCfg = Release|Any CPU
		{F0364BDE-AE20-47B8-97E4-6D3778F86063}.Release|Any CPU.Build.0 = Release|Any CPU
		{53F64B5E-3602-3A02-3BED-6605B3B683EE}.Debug|Any CPU.ActiveCfg = Debug|Any CPU
		{53F64B5E-3602-3A02-3BED-6605B3B683EE}.Debug|Any CPU.Build.0 = Debug|Any CPU
		{53F64B5E-3602-3A02-3BED-6605B3B683EE}.Release|Any CPU.ActiveCfg = Release|Any CPU
		{53F64B5E-3602-3A02-3BED-6605B3B683EE}.Release|Any CPU.Build.0 = Release|Any CPU
	EndGlobalSection
	GlobalSection(SolutionProperties) = preSolution
		HideSolutionNode = FALSE
	EndGlobalSection
	GlobalSection(NestedProjects) = preSolution
		{18FE7F78-F40F-043C-B8FA-A1CA3EFFA670} = {54537CD0-2D40-4A9B-9FFB-D752353BF4A5}
		{01F024CB-4D33-4C94-8368-2E530A6DF2EF} = {54537CD0-2D40-4A9B-9FFB-D752353BF4A5}
		{078D5967-49EC-038F-EED8-20F70ED13F18} = {02EA681E-C7D8-13C7-8484-4AC65E1B71E8}
		{677AB5A0-F5A6-37BD-256B-DAAB42905662} = {02EA681E-C7D8-13C7-8484-4AC65E1B71E8}
		{566E30D4-2F5D-C60B-B240-F34AD1141DD4} = {46F80D8D-80C1-43F2-BA1E-A12D12FAC723}
		{9DC6B5F1-35C3-83EB-6D96-0F6BA208CDB3} = {44BBAB59-5A9B-4D9D-A580-53CF55C1DE98}
		{C38C1A22-408C-3CDE-DBA0-A269FF6C9DC2} = {46F80D8D-80C1-43F2-BA1E-A12D12FAC723}
		{F0364BDE-AE20-47B8-97E4-6D3778F86063} = {3731049B-D3DD-4D3F-B17B-1E596B293555}
		{53F64B5E-3602-3A02-3BED-6605B3B683EE} = {DF9FE63A-7AB7-4DC0-ADE3-C67EE3D8EC98}
		{44BBAB59-5A9B-4D9D-A580-53CF55C1DE98} = {BE1AC7E7-B2B8-4D4C-B94C-6954D1DFF395}
		{46F80D8D-80C1-43F2-BA1E-A12D12FAC723} = {BE1AC7E7-B2B8-4D4C-B94C-6954D1DFF395}
	EndGlobalSection
	GlobalSection(ExtensibilityGlobals) = postSolution
		SolutionGuid = {DCCCC0E9-9529-447B-A520-30D2AA6DFA46}
	EndGlobalSection
EndGlobal
